
Microsoft Visual Studio Solution File, Format Version 12.00
# Visual Studio Version 16
VisualStudioVersion = 16.0.31624.102
MinimumVisualStudioVersion = 10.0.40219.1
Project("{FAE04EC0-301F-11D3-BF4B-00C04F79EFBC}") = "TareaMVVM.Android", "TareaMVVM\TareaMVVM.Android\TareaMVVM.Android.csproj", "{26999BD9-3DC4-4321-B003-2CB1E7F32C75}"
EndProject
Project("{FAE04EC0-301F-11D3-BF4B-00C04F79EFBC}") = "TareaMVVM", "TareaMVVM\TareaMVVM\TareaMVVM.csproj", "{DC38925F-632A-4381-91DD-7421C1DDD634}"
EndProject
Global
	GlobalSection(SolutionConfigurationPlatforms) = preSolution
		Debug|Any CPU = Debug|Any CPU
		Release|Any CPU = Release|Any CPU
	EndGlobalSection
	GlobalSection(ProjectConfigurationPlatforms) = postSolution
		{26999BD9-3DC4-4321-B003-2CB1E7F32C75}.Debug|Any CPU.ActiveCfg = Debug|Any CPU
		{26999BD9-3DC4-4321-B003-2CB1E7F32C75}.Debug|Any CPU.Build.0 = Debug|Any CPU
		{26999BD9-3DC4-4321-B003-2CB1E7F32C75}.Debug|Any CPU.Deploy.0 = Debug|Any CPU
		{26999BD9-3DC4-4321-B003-2CB1E7F32C75}.Release|Any CPU.ActiveCfg = Release|Any CPU
		{26999BD9-3DC4-4321-B003-2CB1E7F32C75}.Release|Any CPU.Build.0 = Release|Any CPU
		{26999BD9-3DC4-4321-B003-2CB1E7F32C75}.Release|Any CPU.Deploy.0 = Release|Any CPU
		{DC38925F-632A-4381-91DD-7421C1DDD634}.Debug|Any CPU.ActiveCfg = Debug|Any CPU
		{DC38925F-632A-4381-91DD-7421C1DDD634}.Debug|Any CPU.Build.0 = Debug|Any CPU
		{DC38925F-632A-4381-91DD-7421C1DDD634}.Debug|Any CPU.Deploy.0 = Debug|Any CPU
		{DC38925F-632A-4381-91DD-7421C1DDD634}.Release|Any CPU.ActiveCfg = Release|Any CPU
		{DC38925F-632A-4381-91DD-7421C1DDD634}.Release|Any CPU.Build.0 = Release|Any CPU
		{DC38925F-632A-4381-91DD-7421C1DDD634}.Release|Any CPU.Deploy.0 = Release|Any CPU
	EndGlobalSection
	GlobalSection(SolutionProperties) = preSolution
		HideSolutionNode = FALSE
	EndGlobalSection
	GlobalSection(ExtensibilityGlobals) = postSolution
		SolutionGuid = {07B8EB2B-9828-41D6-B9C2-B08C44E67514}
	EndGlobalSection
EndGlobal
